{
  "name": "wrosecode",
  "version": "1.0.0",
  "lockfileVersion": 3,
  "requires": true,
  "packages": {
    "": {
      "name": "wrosecode",
      "version": "1.0.0",
      "hasInstallScript": true,
      "license": "MIT",
      "bin": {
        "wrosecode": "npm/wrosecode.js"
      },
      "engines": {
        "node": ">=18"
      }
    }
  }
}
